{
  "name": "ocap",
  "requires": true,
  "lockfileVersion": 1,
  "dependencies": {
    "exec-sh": {
      "version": "0.2.1",
      "resolved": "https://registry.npmjs.org/exec-sh/-/exec-sh-0.2.1.tgz",
      "integrity": "sha512-aLt95pexaugVtQerpmE51+4QfWrNc304uez7jvj6fWnN8GeEHpttB8F36n8N7uVhUMbH/1enbxQ9HImZ4w/9qg==",
      "requires": {
        "merge": "1.2.0"
      }
    },
    "loglevel": {
      "version": "1.6.0",
      "resolved": "https://registry.npmjs.org/loglevel/-/loglevel-1.6.0.tgz",
      "integrity": "sha1-rgyqVhERSYxboTcj1vtjHSQAOTQ="
    },
    "merge": {
      "version": "1.2.0",
      "resolved": "https://registry.npmjs.org/merge/-/merge-1.2.0.tgz",
      "integrity": "sha1-dTHjnUlJwoGma4xabgJl6LBYlNo="
    },
    "minimist": {
      "version": "1.2.0",
      "resolved": "https://registry.npmjs.org/minimist/-/minimist-1.2.0.tgz",
      "integrity": "sha1-o1AIsg9BOD7sH7kU9M1d95omQoQ="
    },
    "vue": {
      "version": "2.5.13",
      "resolved": "https://registry.npmjs.org/vue/-/vue-2.5.13.tgz",
      "integrity": "sha512-3D+lY7HTkKbtswDM4BBHgqyq+qo8IAEE8lz8va1dz3LLmttjgo0FxairO4r1iN2OBqk8o1FyL4hvzzTFEdQSEw=="
    },
    "watch": {
      "version": "1.0.2",
      "resolved": "https://registry.npmjs.org/watch/-/watch-1.0.2.tgz",
      "integrity": "sha1-NApxe952Vyb6CqB9ch4BR6VR3ww=",
      "requires": {
        "exec-sh": "0.2.1",
        "minimist": "1.2.0"
      }
    }
  }
}
